
Microsoft Visual Studio Solution File, Format Version 12.00
# Visual Studio Version 17
VisualStudioVersion = 17.13.35931.197
MinimumVisualStudioVersion = 10.0.40219.1
Project("{FAE04EC0-301F-11D3-BF4B-00C04F79EFBC}") = "IssuanceApp.UI", "IssuanceApp.UI\IssuanceApp.UI.csproj", "{CAC19000-E805-4273-BA8D-85DAA33B287F}"
EndProject
Project("{FAE04EC0-301F-11D3-BF4B-00C04F79EFBC}") = "IssuanceApp.Data", "IssuanceApp.Data\IssuanceApp.Data.csproj", "{5FF86E5B-ECCD-4615-A980-8AD4A1E21E8E}"
EndProject
Global
	GlobalSection(SolutionConfigurationPlatforms) = preSolution
		Debug|Any CPU = Debug|Any CPU
		Release|Any CPU = Release|Any CPU
	EndGlobalSection
	GlobalSection(ProjectConfigurationPlatforms) = postSolution
		{CAC19000-E805-4273-BA8D-85DAA33B287F}.Debug|Any CPU.ActiveCfg = Debug|Any CPU
		{CAC19000-E805-4273-BA8D-85DAA33B287F}.Debug|Any CPU.Build.0 = Debug|Any CPU
		{CAC19000-E805-4273-BA8D-85DAA33B287F}.Release|Any CPU.ActiveCfg = Release|Any CPU
		{CAC19000-E805-4273-BA8D-85DAA33B287F}.Release|Any CPU.Build.0 = Release|Any CPU
		{5FF86E5B-ECCD-4615-A980-8AD4A1E21E8E}.Debug|Any CPU.ActiveCfg = Debug|Any CPU
		{5FF86E5B-ECCD-4615-A980-8AD4A1E21E8E}.Debug|Any CPU.Build.0 = Debug|Any CPU
		{5FF86E5B-ECCD-4615-A980-8AD4A1E21E8E}.Release|Any CPU.ActiveCfg = Release|Any CPU
		{5FF86E5B-ECCD-4615-A980-8AD4A1E21E8E}.Release|Any CPU.Build.0 = Release|Any CPU
	EndGlobalSection
	GlobalSection(SolutionProperties) = preSolution
		HideSolutionNode = FALSE
	EndGlobalSection
	GlobalSection(ExtensibilityGlobals) = postSolution
		SolutionGuid = {ACC54875-C33E-4FB7-BF6B-28E9E959B5E9}
	EndGlobalSection
EndGlobal
